
Microsoft Visual Studio Solution File, Format Version 12.00
# Visual Studio Version 16
VisualStudioVersion = 16.0.31624.102
MinimumVisualStudioVersion = 10.0.40219.1
Project("{9A19103F-16F7-4668-BE54-9A1E7A4F7556}") = "BundleBouncer", "BundleBouncer.csproj", "{4F0467DF-826A-46E0-B2A0-6EE7940E416E}"
EndProject
Global
	GlobalSection(SolutionConfigurationPlatforms) = preSolution
		Debug|Any CPU = Debug|Any CPU
		Release|Any CPU = Release|Any CPU
	EndGlobalSection
	GlobalSection(ProjectConfigurationPlatforms) = postSolution
		{4F0467DF-826A-46E0-B2A0-6EE7940E416E}.Debug|Any CPU.ActiveCfg = Debug|Any CPU
		{4F0467DF-826A-46E0-B2A0-6EE7940E416E}.Debug|Any CPU.Build.0 = Debug|Any CPU
		{4F0467DF-826A-46E0-B2A0-6EE7940E416E}.Release|Any CPU.ActiveCfg = Release|Any CPU
		{4F0467DF-826A-46E0-B2A0-6EE7940E416E}.Release|Any CPU.Build.0 = Release|Any CPU
	EndGlobalSection
	GlobalSection(SolutionProperties) = preSolution
		HideSolutionNode = FALSE
	EndGlobalSection
	GlobalSection(ExtensibilityGlobals) = postSolution
		SolutionGuid = {A5DA71D8-A93E-41A8-864C-7290654E1212}
	EndGlobalSection
EndGlobal
